
Microsoft Visual Studio Solution File, Format Version 12.00
# Visual Studio 2013
VisualStudioVersion = 12.0.40629.0
MinimumVisualStudioVersion = 10.0.40219.1
Project("{FAE04EC0-301F-11D3-BF4B-00C04F79EFBC}") = "App1", "App1\App1\App1.csproj", "{7EBBF94F-85A3-4245-B303-0B794D41E189}"
EndProject
Project("{FAE04EC0-301F-11D3-BF4B-00C04F79EFBC}") = "App1.Droid", "App1\App1.Droid\App1.Droid.csproj", "{2F71B9F1-1613-4F38-83FA-517E18CC2FF3}"
EndProject
Global
	GlobalSection(SolutionConfigurationPlatforms) = preSolution
		Ad-Hoc|Any CPU = Ad-Hoc|Any CPU
		Ad-Hoc|iPhone = Ad-Hoc|iPhone
		Ad-Hoc|iPhoneSimulator = Ad-Hoc|iPhoneSimulator
		Ad-Hoc|Mixed Platforms = Ad-Hoc|Mixed Platforms
		AppStore|Any CPU = AppStore|Any CPU
		AppStore|iPhone = AppStore|iPhone
		AppStore|iPhoneSimulator = AppStore|iPhoneSimulator
		AppStore|Mixed Platforms = AppStore|Mixed Platforms
		Debug|Any CPU = Debug|Any CPU
		Debug|iPhone = Debug|iPhone
		Debug|iPhoneSimulator = Debug|iPhoneSimulator
		Debug|Mixed Platforms = Debug|Mixed Platforms
		Release|Any CPU = Release|Any CPU
		Release|iPhone = Release|iPhone
		Release|iPhoneSimulator = Release|iPhoneSimulator
		Release|Mixed Platforms = Release|Mixed Platforms
	EndGlobalSection
	GlobalSection(ProjectConfigurationPlatforms) = postSolution
		{7EBBF94F-85A3-4245-B303-0B794D41E189}.Ad-Hoc|Any CPU.ActiveCfg = Release|Any CPU
		{7EBBF94F-85A3-4245-B303-0B794D41E189}.Ad-Hoc|Any CPU.Build.0 = Release|Any CPU
		{7EBBF94F-85A3-4245-B303-0B794D41E189}.Ad-Hoc|iPhone.ActiveCfg = Release|Any CPU
		{7EBBF94F-85A3-4245-B303-0B794D41E189}.Ad-Hoc|iPhoneSimulator.ActiveCfg = Release|Any CPU
		{7EBBF94F-85A3-4245-B303-0B794D41E189}.Ad-Hoc|Mixed Platforms.ActiveCfg = Release|Any CPU
		{7EBBF94F-85A3-4245-B303-0B794D41E189}.Ad-Hoc|Mixed Platforms.Build.0 = Release|Any CPU
		{7EBBF94F-85A3-4245-B303-0B794D41E189}.AppStore|Any CPU.ActiveCfg = Release|Any CPU
		{7EBBF94F-85A3-4245-B303-0B794D41E189}.AppStore|Any CPU.Build.0 = Release|Any CPU
		{7EBBF94F-85A3-4245-B303-0B794D41E189}.AppStore|iPhone.ActiveCfg = Release|Any CPU
		{7EBBF94F-85A3-4245-B303-0B794D41E189}.AppStore|iPhoneSimulator.ActiveCfg = Release|Any CPU
		{7EBBF94F-85A3-4245-B303-0B794D41E189}.AppStore|Mixed Platforms.ActiveCfg = Release|Any CPU
		{7EBBF94F-85A3-4245-B303-0B794D41E189}.AppStore|Mixed Platforms.Build.0 = Release|Any CPU
		{7EBBF94F-85A3-4245-B303-0B794D41E189}.Debug|Any CPU.ActiveCfg = Debug|Any CPU
		{7EBBF94F-85A3-4245-B303-0B794D41E189}.Debug|Any CPU.Build.0 = Debug|Any CPU
		{7EBBF94F-85A3-4245-B303-0B794D41E189}.Debug|iPhone.ActiveCfg = Debug|Any CPU
		{7EBBF94F-85A3-4245-B303-0B794D41E189}.Debug|iPhoneSimulator.ActiveCfg = Debug|Any CPU
		{7EBBF94F-85A3-4245-B303-0B794D41E189}.Debug|Mixed Platforms.ActiveCfg = Debug|Any CPU
		{7EBBF94F-85A3-4245-B303-0B794D41E189}.Debug|Mixed Platforms.Build.0 = Debug|Any CPU
		{7EBBF94F-85A3-4245-B303-0B794D41E189}.Release|Any CPU.ActiveCfg = Release|Any CPU
		{7EBBF94F-85A3-4245-B303-0B794D41E189}.Release|Any CPU.Build.0 = Release|Any CPU
		{7EBBF94F-85A3-4245-B303-0B794D41E189}.Release|iPhone.ActiveCfg = Release|Any CPU
		{7EBBF94F-85A3-4245-B303-0B794D41E189}.Release|iPhoneSimulator.ActiveCfg = Release|Any CPU
		{7EBBF94F-85A3-4245-B303-0B794D41E189}.Release|Mixed Platforms.ActiveCfg = Release|Any CPU
		{7EBBF94F-85A3-4245-B303-0B794D41E189}.Release|Mixed Platforms.Build.0 = Release|Any CPU
		{2F71B9F1-1613-4F38-83FA-517E18CC2FF3}.Ad-Hoc|Any CPU.ActiveCfg = Release|Any CPU
		{2F71B9F1-1613-4F38-83FA-517E18CC2FF3}.Ad-Hoc|Any CPU.Build.0 = Release|Any CPU
		{2F71B9F1-1613-4F38-83FA-517E18CC2FF3}.Ad-Hoc|Any CPU.Deploy.0 = Release|Any CPU
		{2F71B9F1-1613-4F38-83FA-517E18CC2FF3}.Ad-Hoc|iPhone.ActiveCfg = Release|Any CPU
		{2F71B9F1-1613-4F38-83FA-517E18CC2FF3}.Ad-Hoc|iPhoneSimulator.ActiveCfg = Release|Any CPU
		{2F71B9F1-1613-4F38-83FA-517E18CC2FF3}.Ad-Hoc|Mixed Platforms.ActiveCfg = Release|Any CPU
		{2F71B9F1-1613-4F38-83FA-517E18CC2FF3}.Ad-Hoc|Mixed Platforms.Build.0 = Release|Any CPU
		{2F71B9F1-1613-4F38-83FA-517E18CC2FF3}.Ad-Hoc|Mixed Platforms.Deploy.0 = Release|Any CPU
		{2F71B9F1-1613-4F38-83FA-517E18CC2FF3}.AppStore|Any CPU.ActiveCfg = Release|Any CPU
		{2F71B9F1-1613-4F38-83FA-517E18CC2FF3}.AppStore|Any CPU.Build.0 = Release|Any CPU
		{2F71B9F1-1613-4F38-83FA-517E18CC2FF3}.AppStore|Any CPU.Deploy.0 = Release|Any CPU
		{2F71B9F1-1613-4F38-83FA-517E18CC2FF3}.AppStore|iPhone.ActiveCfg = Release|Any CPU
		{2F71B9F1-1613-4F38-83FA-517E18CC2FF3}.AppStore|iPhoneSimulator.ActiveCfg = Release|Any CPU
		{2F71B9F1-1613-4F38-83FA-517E18CC2FF3}.AppStore|Mixed Platforms.ActiveCfg = Release|Any CPU
		{2F71B9F1-1613-4F38-83FA-517E18CC2FF3}.AppStore|Mixed Platforms.Build.0 = Release|Any CPU
		{2F71B9F1-1613-4F38-83FA-517E18CC2FF3}.AppStore|Mixed Platforms.Deploy.0 = Release|Any CPU
		{2F71B9F1-1613-4F38-83FA-517E18CC2FF3}.Debug|Any CPU.ActiveCfg = Debug|Any CPU
		{2F71B9F1-1613-4F38-83FA-517E18CC2FF3}.Debug|Any CPU.Build.0 = Debug|Any CPU
		{2F71B9F1-1613-4F38-83FA-517E18CC2FF3}.Debug|Any CPU.Deploy.0 = Debug|Any CPU
		{2F71B9F1-1613-4F38-83FA-517E18CC2FF3}.Debug|iPhone.ActiveCfg = Debug|Any CPU
		{2F71B9F1-1613-4F38-83FA-517E18CC2FF3}.Debug|iPhoneSimulator.ActiveCfg = Debug|Any CPU
		{2F71B9F1-1613-4F38-83FA-517E18CC2FF3}.Debug|Mixed Platforms.ActiveCfg = Debug|Any CPU
		{2F71B9F1-1613-4F38-83FA-517E18CC2FF3}.Debug|Mixed Platforms.Build.0 = Debug|Any CPU
		{2F71B9F1-1613-4F38-83FA-517E18CC2FF3}.Debug|Mixed Platforms.Deploy.0 = Debug|Any CPU
		{2F71B9F1-1613-4F38-83FA-517E18CC2FF3}.Release|Any CPU.ActiveCfg = Release|Any CPU
		{2F71B9F1-1613-4F38-83FA-517E18CC2FF3}.Release|Any CPU.Build.0 = Release|Any CPU
		{2F71B9F1-1613-4F38-83FA-517E18CC2FF3}.Release|Any CPU.Deploy.0 = Release|Any CPU
		{2F71B9F1-1613-4F38-83FA-517E18CC2FF3}.Release|iPhone.ActiveCfg = Release|Any CPU
		{2F71B9F1-1613-4F38-83FA-517E18CC2FF3}.Release|iPhoneSimulator.ActiveCfg = Release|Any CPU
		{2F71B9F1-1613-4F38-83FA-517E18CC2FF3}.Release|Mixed Platforms.ActiveCfg = Release|Any CPU
		{2F71B9F1-1613-4F38-83FA-517E18CC2FF3}.Release|Mixed Platforms.Build.0 = Release|Any CPU
		{2F71B9F1-1613-4F38-83FA-517E18CC2FF3}.Release|Mixed Platforms.Deploy.0 = Release|Any CPU
	EndGlobalSection
	GlobalSection(SolutionProperties) = preSolution
		HideSolutionNode = FALSE
	EndGlobalSection
EndGlobal
